
Microsoft Visual Studio Solution File, Format Version 12.00
# Visual Studio 15
VisualStudioVersion = 15.0.26228.4
MinimumVisualStudioVersion = 10.0.40219.1
Project("{8BC9CEB8-8B4A-11D0-8D11-00A0C91BC942}") = "Fluid", "Fluid\Fluid.vcxproj", "{55283FC9-7D43-4B64-8548-7C7FFFA59B91}"
	ProjectSection(ProjectDependencies) = postProject
		{62A805B0-D91B-4893-9E01-89510A563027} = {62A805B0-D91B-4893-9E01-89510A563027}
	EndProjectSection
EndProject
Project("{8BC9CEB8-8B4A-11D0-8D11-00A0C91BC942}") = "Flow", "Flow\Flow.vcxproj", "{62A805B0-D91B-4893-9E01-89510A563027}"
EndProject
Global
	GlobalSection(SolutionConfigurationPlatforms) = preSolution
		Debug|x64 = Debug|x64
		Debug|x86 = Debug|x86
		DebugOptimised|x64 = DebugOptimised|x64
		DebugOptimised|x86 = DebugOptimised|x86
		MinSizeRel|x64 = MinSizeRel|x64
		MinSizeRel|x86 = MinSizeRel|x86
		Release|x64 = Release|x64
		Release|x86 = Release|x86
		RelWithDebInfo|x64 = RelWithDebInfo|x64
		RelWithDebInfo|x86 = RelWithDebInfo|x86
	EndGlobalSection
	GlobalSection(ProjectConfigurationPlatforms) = postSolution
		{55283FC9-7D43-4B64-8548-7C7FFFA59B91}.Debug|x64.ActiveCfg = Debug|x64
		{55283FC9-7D43-4B64-8548-7C7FFFA59B91}.Debug|x64.Build.0 = Debug|x64
		{55283FC9-7D43-4B64-8548-7C7FFFA59B91}.Debug|x86.ActiveCfg = Debug|Win32
		{55283FC9-7D43-4B64-8548-7C7FFFA59B91}.Debug|x86.Build.0 = Debug|Win32
		{55283FC9-7D43-4B64-8548-7C7FFFA59B91}.DebugOptimised|x64.ActiveCfg = DebugOptimised|x64
		{55283FC9-7D43-4B64-8548-7C7FFFA59B91}.DebugOptimised|x64.Build.0 = DebugOptimised|x64
		{55283FC9-7D43-4B64-8548-7C7FFFA59B91}.DebugOptimised|x86.ActiveCfg = DebugOptimised|Win32
		{55283FC9-7D43-4B64-8548-7C7FFFA59B91}.DebugOptimised|x86.Build.0 = DebugOptimised|Win32
		{55283FC9-7D43-4B64-8548-7C7FFFA59B91}.MinSizeRel|x64.ActiveCfg = Release|x64
		{55283FC9-7D43-4B64-8548-7C7FFFA59B91}.MinSizeRel|x64.Build.0 = Release|x64
		{55283FC9-7D43-4B64-8548-7C7FFFA59B91}.MinSizeRel|x86.ActiveCfg = Release|Win32
		{55283FC9-7D43-4B64-8548-7C7FFFA59B91}.MinSizeRel|x86.Build.0 = Release|Win32
		{55283FC9-7D43-4B64-8548-7C7FFFA59B91}.Release|x64.ActiveCfg = Release|x64
		{55283FC9-7D43-4B64-8548-7C7FFFA59B91}.Release|x64.Build.0 = Release|x64
		{55283FC9-7D43-4B64-8548-7C7FFFA59B91}.Release|x86.ActiveCfg = Release|Win32
		{55283FC9-7D43-4B64-8548-7C7FFFA59B91}.Release|x86.Build.0 = Release|Win32
		{55283FC9-7D43-4B64-8548-7C7FFFA59B91}.RelWithDebInfo|x64.ActiveCfg = Release|x64
		{55283FC9-7D43-4B64-8548-7C7FFFA59B91}.RelWithDebInfo|x64.Build.0 = Release|x64
		{55283FC9-7D43-4B64-8548-7C7FFFA59B91}.RelWithDebInfo|x86.ActiveCfg = Release|Win32
		{55283FC9-7D43-4B64-8548-7C7FFFA59B91}.RelWithDebInfo|x86.Build.0 = Release|Win32
		{62A805B0-D91B-4893-9E01-89510A563027}.Debug|x64.ActiveCfg = Debug|x64
		{62A805B0-D91B-4893-9E01-89510A563027}.Debug|x64.Build.0 = Debug|x64
		{62A805B0-D91B-4893-9E01-89510A563027}.Debug|x86.ActiveCfg = Debug|Win32
		{62A805B0-D91B-4893-9E01-89510A563027}.Debug|x86.Build.0 = Debug|Win32
		{62A805B0-D91B-4893-9E01-89510A563027}.DebugOptimised|x64.ActiveCfg = DebugOptimised|x64
		{62A805B0-D91B-4893-9E01-89510A563027}.DebugOptimised|x64.Build.0 = DebugOptimised|x64
		{62A805B0-D91B-4893-9E01-89510A563027}.DebugOptimised|x86.ActiveCfg = DebugOptimised|Win32
		{62A805B0-D91B-4893-9E01-89510A563027}.DebugOptimised|x86.Build.0 = DebugOptimised|Win32
		{62A805B0-D91B-4893-9E01-89510A563027}.MinSizeRel|x64.ActiveCfg = Release|x64
		{62A805B0-D91B-4893-9E01-89510A563027}.MinSizeRel|x64.Build.0 = Release|x64
		{62A805B0-D91B-4893-9E01-89510A563027}.MinSizeRel|x86.ActiveCfg = Release|Win32
		{62A805B0-D91B-4893-9E01-89510A563027}.MinSizeRel|x86.Build.0 = Release|Win32
		{62A805B0-D91B-4893-9E01-89510A563027}.Release|x64.ActiveCfg = Release|x64
		{62A805B0-D91B-4893-9E01-89510A563027}.Release|x64.Build.0 = Release|x64
		{62A805B0-D91B-4893-9E01-89510A563027}.Release|x86.ActiveCfg = Release|Win32
		{62A805B0-D91B-4893-9E01-89510A563027}.Release|x86.Build.0 = Release|Win32
		{62A805B0-D91B-4893-9E01-89510A563027}.RelWithDebInfo|x64.ActiveCfg = Release|x64
		{62A805B0-D91B-4893-9E01-89510A563027}.RelWithDebInfo|x64.Build.0 = Release|x64
		{62A805B0-D91B-4893-9E01-89510A563027}.RelWithDebInfo|x86.ActiveCfg = Release|Win32
		{62A805B0-D91B-4893-9E01-89510A563027}.RelWithDebInfo|x86.Build.0 = Release|Win32
	EndGlobalSection
	GlobalSection(SolutionProperties) = preSolution
		HideSolutionNode = FALSE
	EndGlobalSection
EndGlobal
