<?xml version="1.0" encoding="utf-8"?>
<Project ToolsVersion="4.0" xmlns="http://schemas.microsoft.com/developer/msbuild/2003">
  <ItemGroup>
    <Text Include="ReadMe.txt" />
  </ItemGroup>
  <ItemGroup>
    <ClInclude Include="include\dll.h" />
    <ClInclude Include="include\Flow.h" />
    <ClInclude Include="include\stdafx.h" />
    <ClInclude Include="include\targetver.h" />
    <ClInclude Include="include\Utilities.h" />
    <ClInclude Include="include\vmath.h" />
    <ClInclude Include="include\Renderer\FluidRenderer.h" />
    <ClInclude Include="include\Simulation\FluidGrid.h" />
    <ClInclude Include="include\Simulation\FluidSystem.h" />
    <ClInclude Include="include\Simulation\Particle.h" />
    <ClInclude Include="include\Renderer\BasicRenderer.h" />
  </ItemGroup>
  <ItemGroup>
    <ClCompile Include="src\Renderer\FluidRenderer.cpp" />
    <ClCompile Include="src\Simulation\FluidGrid.cpp" />
    <ClCompile Include="src\Simulation\FluidSystem.cpp" />
    <ClCompile Include="src\stdafx.cpp" />
    <ClCompile Include="src\Utilities.cpp" />
    <ClCompile Include="src\vmath.cpp" />
    <ClCompile Include="..\..\glad\src\glad.c" />
    <ClCompile Include="src\Renderer\BasicRenderer.cpp" />
  </ItemGroup>
  <ItemGroup>
    <None Include="Shaders\basic_fragment.glsl" />
    <None Include="Shaders\basic_vertex.glsl" />
    <None Include="Shaders\metaballs.glsl" />
  </ItemGroup>
</Project>